<?xml version="1.0" encoding="utf-8"?>
<Project ToolsVersion="4.0" xmlns="http://schemas.microsoft.com/developer/msbuild/2003">
  <ItemGroup>
    <ClCompile Include="main.cpp" />
    <ClCompile Include="iwConsole.cpp">
      <Filter>UI\Consolelog</Filter>
    </ClCompile>
    <ClCompile Include="iwLog.cpp">
      <Filter>UI\Consolelog</Filter>
    </ClCompile>
    <ClCompile Include="robotlogger.cpp">
      <Filter>UI\Consolelog</Filter>
    </ClCompile>
    <ClCompile Include="CustomQlistWidget.cpp">
      <Filter>UI\Consolelog</Filter>
    </ClCompile>
    <ClCompile Include="K_box.cpp">
      <Filter>UnionSet</Filter>
    </ClCompile>
    <ClCompile Include="MultiUniset.cpp">
      <Filter>UnionSet</Filter>
    </ClCompile>
    <ClCompile Include="fun_for_lc.cpp" />
    <ClCompile Include="CADView.cpp">
      <Filter>UI</Filter>
    </ClCompile>
    <ClCompile Include="global.cpp">
      <Filter>UI</Filter>
    </ClCompile>
    <ClCompile Include="MainWindowOcc.cpp">
      <Filter>UI</Filter>
    </ClCompile>
  </ItemGroup>
  <ItemGroup>
    <ClInclude Include="lc_struct.h" />
    <ClInclude Include="iwLog.h">
      <Filter>UI\Consolelog</Filter>
    </ClInclude>
    <ClInclude Include="iwSingleton.h">
      <Filter>UI\Consolelog</Filter>
    </ClInclude>
    <ClInclude Include="RobotLogger.h">
      <Filter>UI\Consolelog</Filter>
    </ClInclude>
    <ClInclude Include="publictools.h">
      <Filter>Tools</Filter>
    </ClInclude>
    <ClInclude Include="Ktimer.h">
      <Filter>Tools</Filter>
    </ClInclude>
    <ClInclude Include="k_search.h">
      <Filter>DataStructure</Filter>
    </ClInclude>
    <ClInclude Include="K_Pnt.h">
      <Filter>DataStructure</Filter>
    </ClInclude>
    <ClInclude Include="K_box.h">
      <Filter>UnionSet</Filter>
    </ClInclude>
    <ClInclude Include="unionset.h">
      <Filter>UnionSet</Filter>
    </ClInclude>
    <ClInclude Include="MultiUniset.h">
      <Filter>UnionSet</Filter>
    </ClInclude>
    <ClInclude Include="fun_for_lc.h" />
    <ClInclude Include="global.h">
      <Filter>UI</Filter>
    </ClInclude>
  </ItemGroup>
  <ItemGroup>
    <ResourceCompile Include="OccDebuger.rc" />
  </ItemGroup>
  <ItemGroup>
    <QtMoc Include="iwConsole.h">
      <Filter>UI\Consolelog</Filter>
    </QtMoc>
    <QtMoc Include="CustomQlistWidget.h">
      <Filter>UI\Consolelog</Filter>
    </QtMoc>
    <QtMoc Include="CADView.h">
      <Filter>UI</Filter>
    </QtMoc>
    <QtMoc Include="MainWindowOcc.h">
      <Filter>UI</Filter>
    </QtMoc>
  </ItemGroup>
  <ItemGroup>
    <QtRcc Include="OccDebuger.qrc" />
  </ItemGroup>
  <ItemGroup>
    <None Include="OccDebuger.ico" />
  </ItemGroup>
  <ItemGroup>
    <Filter Include="DataStructure">
      <UniqueIdentifier>{d6436bb5-a17d-4bec-9060-2f84372ba83c}</UniqueIdentifier>
    </Filter>
    <Filter Include="Tools">
      <UniqueIdentifier>{321affaa-2ba9-4ec9-baa9-68d568a4807d}</UniqueIdentifier>
    </Filter>
    <Filter Include="UnionSet">
      <UniqueIdentifier>{c858a4c6-e1d3-4fef-a4ee-b7aee9406a6c}</UniqueIdentifier>
    </Filter>
    <Filter Include="UI">
      <UniqueIdentifier>{1ba945c5-be17-47a0-8678-ba95ece7cd94}</UniqueIdentifier>
    </Filter>
    <Filter Include="UI\Consolelog">
      <UniqueIdentifier>{09cdbec3-6863-4d65-a3af-a4873ca30766}</UniqueIdentifier>
    </Filter>
  </ItemGroup>
  <ItemGroup>
    <QtUic Include="MainWindowOcc.ui">
      <Filter>UI</Filter>
    </QtUic>
  </ItemGroup>
</Project>