<?xml version="1.0" encoding="utf-8"?>
<Project ToolsVersion="4.0" xmlns="http://schemas.microsoft.com/developer/msbuild/2003">
  <ItemGroup>
    <ClCompile Include="main.cpp" />
    <ClCompile Include="iwConsole.cpp">
      <Filter>UI\Consolelog</Filter>
    </ClCompile>
    <ClCompile Include="iwLog.cpp">
      <Filter>UI\Consolelog</Filter>
    </ClCompile>
    <ClCompile Include="CustomQlistWidget.cpp">
      <Filter>UI\Consolelog</Filter>
    </ClCompile>
    <ClCompile Include="MultiUniset.cpp">
      <Filter>UnionSet</Filter>
    </ClCompile>
    <ClCompile Include="CadView.cpp">
      <Filter>UI</Filter>
    </ClCompile>
    <ClCompile Include="global.cpp">
      <Filter>UI</Filter>
    </ClCompile>
    <ClCompile Include="MainWindowOcc.cpp">
      <Filter>UI</Filter>
    </ClCompile>
    <ClCompile Include="KBox.cpp">
      <Filter>DataStructure</Filter>
    </ClCompile>
    <ClCompile Include="KPnt.cpp">
      <Filter>DataStructure</Filter>
    </ClCompile>
    <ClCompile Include="public_function.cpp">
      <Filter>Tools</Filter>
    </ClCompile>
    <ClCompile Include="KLogger.cpp">
      <Filter>Tools</Filter>
    </ClCompile>
    <ClCompile Include="BinSearchNode.cpp">
      <Filter>DataStructure</Filter>
    </ClCompile>
    <ClCompile Include="linedrawer.cpp">
      <Filter>Manner</Filter>
    </ClCompile>
    <ClCompile Include="gptools.cpp">
      <Filter>Tools</Filter>
    </ClCompile>
    <ClCompile Include="statusinfowidget.cpp">
      <Filter>UI</Filter>
    </ClCompile>
    <ClCompile Include="PreLine.cpp">
      <Filter>Manner</Filter>
    </ClCompile>
    <ClCompile Include="test_datastructure.cpp">
      <Filter>DataStructure</Filter>
    </ClCompile>
    <ClCompile Include="mathUtils.cpp">
      <Filter>Tools</Filter>
    </ClCompile>
    <ClCompile Include="KLine.cpp">
      <Filter>Manner</Filter>
    </ClCompile>
    <ClCompile Include="KAngleMultiLine.cpp">
      <Filter>Manner</Filter>
    </ClCompile>
    <ClCompile Include="shapetools.cpp">
      <Filter>Tools</Filter>
    </ClCompile>
    <ClCompile Include="BoundingBox.cpp">
      <Filter>DataStructure</Filter>
    </ClCompile>
    <ClCompile Include="KRegion.cpp">
      <Filter>Manner</Filter>
    </ClCompile>
    <ClCompile Include="2d_search.cpp">
      <Filter>Manner</Filter>
    </ClCompile>
    <ClCompile Include="KDSearch.cpp">
      <Filter>DataStructure</Filter>
    </ClCompile>
    <ClCompile Include="KViewBox.cpp">
      <Filter>Manner</Filter>
    </ClCompile>
    <ClCompile Include="RangeTree.cpp">
      <Filter>DataStructure</Filter>
    </ClCompile>
    <ClCompile Include="BiSearch.cpp">
      <Filter>DataStructure</Filter>
    </ClCompile>
    <ClCompile Include="DataGenerator.cpp">
      <Filter>Manner</Filter>
    </ClCompile>
    <ClCompile Include="DataObserver.cpp">
      <Filter>Manner</Filter>
    </ClCompile>
    <ClCompile Include="KContext.cpp">
      <Filter>UI</Filter>
    </ClCompile>
  </ItemGroup>
  <ItemGroup>
    <ClInclude Include="iwLog.h">
      <Filter>UI\Consolelog</Filter>
    </ClInclude>
    <ClInclude Include="iwSingleton.h">
      <Filter>UI\Consolelog</Filter>
    </ClInclude>
    <ClInclude Include="KPnt.h">
      <Filter>DataStructure</Filter>
    </ClInclude>
    <ClInclude Include="MultiUniset.h">
      <Filter>UnionSet</Filter>
    </ClInclude>
    <ClInclude Include="global.h">
      <Filter>UI</Filter>
    </ClInclude>
    <ClInclude Include="lc_struct.h">
      <Filter>DataStructure</Filter>
    </ClInclude>
    <ClInclude Include="KBox.h">
      <Filter>DataStructure</Filter>
    </ClInclude>
    <ClInclude Include="public_function.h">
      <Filter>Tools</Filter>
    </ClInclude>
    <ClInclude Include="KLogger.h">
      <Filter>Tools</Filter>
    </ClInclude>
    <ClInclude Include="BinSearchNode.h">
      <Filter>DataStructure</Filter>
    </ClInclude>
    <ClInclude Include="linedrawer.h">
      <Filter>Manner</Filter>
    </ClInclude>
    <ClInclude Include="gptools.h">
      <Filter>Tools</Filter>
    </ClInclude>
    <ClInclude Include="PreLine.h">
      <Filter>Manner</Filter>
    </ClInclude>
    <ClInclude Include="test_datastructure.h">
      <Filter>DataStructure</Filter>
    </ClInclude>
    <ClInclude Include="mathUtils.h">
      <Filter>Tools</Filter>
    </ClInclude>
    <ClInclude Include="KLine.h">
      <Filter>Manner</Filter>
    </ClInclude>
    <ClInclude Include="KAngleMultiLine.h">
      <Filter>Manner</Filter>
    </ClInclude>
    <ClInclude Include="shapetools.h">
      <Filter>Tools</Filter>
    </ClInclude>
    <ClInclude Include="unionset.h">
      <Filter>Manner</Filter>
    </ClInclude>
    <ClInclude Include="BoundingBox.h">
      <Filter>DataStructure</Filter>
    </ClInclude>
    <ClInclude Include="KRegion.h">
      <Filter>Manner</Filter>
    </ClInclude>
    <ClInclude Include="2d_search.h">
      <Filter>Manner</Filter>
    </ClInclude>
    <ClInclude Include="Ktimer.h">
      <Filter>DataStructure</Filter>
    </ClInclude>
    <ClInclude Include="KDSearch.h">
      <Filter>DataStructure</Filter>
    </ClInclude>
    <ClInclude Include="KViewBox.h">
      <Filter>Manner</Filter>
    </ClInclude>
    <ClInclude Include="RangeTree.h">
      <Filter>DataStructure</Filter>
    </ClInclude>
    <ClInclude Include="BiSearch.h">
      <Filter>DataStructure</Filter>
    </ClInclude>
    <ClInclude Include="multisort.h">
      <Filter>Tools</Filter>
    </ClInclude>
    <ClInclude Include="DataObserver.h">
      <Filter>Manner</Filter>
    </ClInclude>
    <ClInclude Include="DataGenerator.h">
      <Filter>Manner</Filter>
    </ClInclude>
    <ClInclude Include="KContext.h">
      <Filter>UI</Filter>
    </ClInclude>
    <ClInclude Include="stadfx.h">
      <Filter>UI</Filter>
    </ClInclude>
  </ItemGroup>
  <ItemGroup>
    <QtMoc Include="iwConsole.h">
      <Filter>UI\Consolelog</Filter>
    </QtMoc>
    <QtMoc Include="CustomQlistWidget.h">
      <Filter>UI\Consolelog</Filter>
    </QtMoc>
    <QtMoc Include="CadView.h">
      <Filter>UI</Filter>
    </QtMoc>
    <QtMoc Include="MainWindowOcc.h">
      <Filter>UI</Filter>
    </QtMoc>
    <QtMoc Include="statusinfowidget.h">
      <Filter>UI</Filter>
    </QtMoc>
  </ItemGroup>
  <ItemGroup>
    <Filter Include="DataStructure">
      <UniqueIdentifier>{d6436bb5-a17d-4bec-9060-2f84372ba83c}</UniqueIdentifier>
    </Filter>
    <Filter Include="Tools">
      <UniqueIdentifier>{321affaa-2ba9-4ec9-baa9-68d568a4807d}</UniqueIdentifier>
    </Filter>
    <Filter Include="UnionSet">
      <UniqueIdentifier>{c858a4c6-e1d3-4fef-a4ee-b7aee9406a6c}</UniqueIdentifier>
    </Filter>
    <Filter Include="UI">
      <UniqueIdentifier>{1ba945c5-be17-47a0-8678-ba95ece7cd94}</UniqueIdentifier>
    </Filter>
    <Filter Include="UI\Consolelog">
      <UniqueIdentifier>{09cdbec3-6863-4d65-a3af-a4873ca30766}</UniqueIdentifier>
    </Filter>
    <Filter Include="Manner">
      <UniqueIdentifier>{c5c47d15-f3a0-4ac8-afd8-5bc10ddff02b}</UniqueIdentifier>
    </Filter>
    <Filter Include="resource">
      <UniqueIdentifier>{6d2e76e6-edd3-453e-a04c-d6d88515dc72}</UniqueIdentifier>
    </Filter>
  </ItemGroup>
  <ItemGroup>
    <QtUic Include="MainWindowOcc.ui">
      <Filter>UI</Filter>
    </QtUic>
    <QtUic Include="statusinfowidget.ui">
      <Filter>UI</Filter>
    </QtUic>
  </ItemGroup>
  <ItemGroup>
    <ResourceCompile Include="OccDebuger.rc">
      <Filter>resource</Filter>
    </ResourceCompile>
  </ItemGroup>
  <ItemGroup>
    <None Include="OccDebuger.ico">
      <Filter>resource</Filter>
    </None>
  </ItemGroup>
  <ItemGroup>
    <QtRcc Include="OccDebuger.qrc">
      <Filter>resource</Filter>
    </QtRcc>
  </ItemGroup>
</Project>